
Microsoft Visual Studio Solution File, Format Version 12.00
# Visual Studio Version 17
VisualStudioVersion = 17.6.33717.318
MinimumVisualStudioVersion = 15.0.26124.0
Project("{9A19103F-16F7-4668-BE54-9A1E7A4F7556}") = "ProEventos.Application", "ProEventos.Application\ProEventos.Application.csproj", "{5045622A-CE8B-4D3E-BD5E-3B29210904F8}"
EndProject
Project("{9A19103F-16F7-4668-BE54-9A1E7A4F7556}") = "ProEventos.Domain", "ProEventos.Domain\ProEventos.Domain.csproj", "{464E4CE7-F24F-41D1-93BD-EDF4CF491AB6}"
EndProject
Project("{9A19103F-16F7-4668-BE54-9A1E7A4F7556}") = "ProEventos.Persistence", "ProEventos.Persistence\ProEventos.Persistence.csproj", "{D7ACFEDB-D0F5-46BE-8132-5ADF50840617}"
EndProject
Project("{9A19103F-16F7-4668-BE54-9A1E7A4F7556}") = "ProEventos.API", "ProEventos.API\ProEventos.API.csproj", "{CC6C7613-56DA-4111-89D9-F3A91AD10006}"
EndProject
Global
	GlobalSection(SolutionConfigurationPlatforms) = preSolution
		Debug|Any CPU = Debug|Any CPU
		Debug|x64 = Debug|x64
		Debug|x86 = Debug|x86
		Release|Any CPU = Release|Any CPU
		Release|x64 = Release|x64
		Release|x86 = Release|x86
	EndGlobalSection
	GlobalSection(ProjectConfigurationPlatforms) = postSolution
		{5045622A-CE8B-4D3E-BD5E-3B29210904F8}.Debug|Any CPU.ActiveCfg = Debug|Any CPU
		{5045622A-CE8B-4D3E-BD5E-3B29210904F8}.Debug|Any CPU.Build.0 = Debug|Any CPU
		{5045622A-CE8B-4D3E-BD5E-3B29210904F8}.Debug|x64.ActiveCfg = Debug|Any CPU
		{5045622A-CE8B-4D3E-BD5E-3B29210904F8}.Debug|x64.Build.0 = Debug|Any CPU
		{5045622A-CE8B-4D3E-BD5E-3B29210904F8}.Debug|x86.ActiveCfg = Debug|Any CPU
		{5045622A-CE8B-4D3E-BD5E-3B29210904F8}.Debug|x86.Build.0 = Debug|Any CPU
		{5045622A-CE8B-4D3E-BD5E-3B29210904F8}.Release|Any CPU.ActiveCfg = Release|Any CPU
		{5045622A-CE8B-4D3E-BD5E-3B29210904F8}.Release|Any CPU.Build.0 = Release|Any CPU
		{5045622A-CE8B-4D3E-BD5E-3B29210904F8}.Release|x64.ActiveCfg = Release|Any CPU
		{5045622A-CE8B-4D3E-BD5E-3B29210904F8}.Release|x64.Build.0 = Release|Any CPU
		{5045622A-CE8B-4D3E-BD5E-3B29210904F8}.Release|x86.ActiveCfg = Release|Any CPU
		{5045622A-CE8B-4D3E-BD5E-3B29210904F8}.Release|x86.Build.0 = Release|Any CPU
		{464E4CE7-F24F-41D1-93BD-EDF4CF491AB6}.Debug|Any CPU.ActiveCfg = Debug|Any CPU
		{464E4CE7-F24F-41D1-93BD-EDF4CF491AB6}.Debug|Any CPU.Build.0 = Debug|Any CPU
		{464E4CE7-F24F-41D1-93BD-EDF4CF491AB6}.Debug|x64.ActiveCfg = Debug|Any CPU
		{464E4CE7-F24F-41D1-93BD-EDF4CF491AB6}.Debug|x64.Build.0 = Debug|Any CPU
		{464E4CE7-F24F-41D1-93BD-EDF4CF491AB6}.Debug|x86.ActiveCfg = Debug|Any CPU
		{464E4CE7-F24F-41D1-93BD-EDF4CF491AB6}.Debug|x86.Build.0 = Debug|Any CPU
		{464E4CE7-F24F-41D1-93BD-EDF4CF491AB6}.Release|Any CPU.ActiveCfg = Release|Any CPU
		{464E4CE7-F24F-41D1-93BD-EDF4CF491AB6}.Release|Any CPU.Build.0 = Release|Any CPU
		{464E4CE7-F24F-41D1-93BD-EDF4CF491AB6}.Release|x64.ActiveCfg = Release|Any CPU
		{464E4CE7-F24F-41D1-93BD-EDF4CF491AB6}.Release|x64.Build.0 = Release|Any CPU
		{464E4CE7-F24F-41D1-93BD-EDF4CF491AB6}.Release|x86.ActiveCfg = Release|Any CPU
		{464E4CE7-F24F-41D1-93BD-EDF4CF491AB6}.Release|x86.Build.0 = Release|Any CPU
		{D7ACFEDB-D0F5-46BE-8132-5ADF50840617}.Debug|Any CPU.ActiveCfg = Debug|Any CPU
		{D7ACFEDB-D0F5-46BE-8132-5ADF50840617}.Debug|Any CPU.Build.0 = Debug|Any CPU
		{D7ACFEDB-D0F5-46BE-8132-5ADF50840617}.Debug|x64.ActiveCfg = Debug|Any CPU
		{D7ACFEDB-D0F5-46BE-8132-5ADF50840617}.Debug|x64.Build.0 = Debug|Any CPU
		{D7ACFEDB-D0F5-46BE-8132-5ADF50840617}.Debug|x86.ActiveCfg = Debug|Any CPU
		{D7ACFEDB-D0F5-46BE-8132-5ADF50840617}.Debug|x86.Build.0 = Debug|Any CPU
		{D7ACFEDB-D0F5-46BE-8132-5ADF50840617}.Release|Any CPU.ActiveCfg = Release|Any CPU
		{D7ACFEDB-D0F5-46BE-8132-5ADF50840617}.Release|Any CPU.Build.0 = Release|Any CPU
		{D7ACFEDB-D0F5-46BE-8132-5ADF50840617}.Release|x64.ActiveCfg = Release|Any CPU
		{D7ACFEDB-D0F5-46BE-8132-5ADF50840617}.Release|x64.Build.0 = Release|Any CPU
		{D7ACFEDB-D0F5-46BE-8132-5ADF50840617}.Release|x86.ActiveCfg = Release|Any CPU
		{D7ACFEDB-D0F5-46BE-8132-5ADF50840617}.Release|x86.Build.0 = Release|Any CPU
		{CC6C7613-56DA-4111-89D9-F3A91AD10006}.Debug|Any CPU.ActiveCfg = Debug|Any CPU
		{CC6C7613-56DA-4111-89D9-F3A91AD10006}.Debug|Any CPU.Build.0 = Debug|Any CPU
		{CC6C7613-56DA-4111-89D9-F3A91AD10006}.Debug|x64.ActiveCfg = Debug|Any CPU
		{CC6C7613-56DA-4111-89D9-F3A91AD10006}.Debug|x64.Build.0 = Debug|Any CPU
		{CC6C7613-56DA-4111-89D9-F3A91AD10006}.Debug|x86.ActiveCfg = Debug|Any CPU
		{CC6C7613-56DA-4111-89D9-F3A91AD10006}.Debug|x86.Build.0 = Debug|Any CPU
		{CC6C7613-56DA-4111-89D9-F3A91AD10006}.Release|Any CPU.ActiveCfg = Release|Any CPU
		{CC6C7613-56DA-4111-89D9-F3A91AD10006}.Release|Any CPU.Build.0 = Release|Any CPU
		{CC6C7613-56DA-4111-89D9-F3A91AD10006}.Release|x64.ActiveCfg = Release|Any CPU
		{CC6C7613-56DA-4111-89D9-F3A91AD10006}.Release|x64.Build.0 = Release|Any CPU
		{CC6C7613-56DA-4111-89D9-F3A91AD10006}.Release|x86.ActiveCfg = Release|Any CPU
		{CC6C7613-56DA-4111-89D9-F3A91AD10006}.Release|x86.Build.0 = Release|Any CPU
	EndGlobalSection
	GlobalSection(SolutionProperties) = preSolution
		HideSolutionNode = FALSE
	EndGlobalSection
EndGlobal
